
Microsoft Visual Studio Solution File, Format Version 12.00
# Visual Studio Version 17
VisualStudioVersion = 17.11.35312.102
MinimumVisualStudioVersion = 10.0.40219.1
Project("{9A19103F-16F7-4668-BE54-9A1E7A4F7556}") = "IlkProje", "IlkProje\IlkProje.csproj", "{42ADCA3B-30EC-4C41-BC9E-1EE9DD61E344}"
EndProject
Project("{2150E333-8FDC-42A3-9474-1A3956D46DE8}") = "Solution Items", "Solution Items", "{D34C620A-E450-4F1D-BC29-ECC5B278E092}"
	ProjectSection(SolutionItems) = preProject
		.editorconfig = .editorconfig
		Readme.md = Readme.md
	EndProjectSection
EndProject
Project("{9A19103F-16F7-4668-BE54-9A1E7A4F7556}") = "ikinciproje", "ikinciproje\ikinciproje.csproj", "{5565E1C4-EF60-4C96-AF0E-CB1D7B4383D5}"
EndProject
Project("{9A19103F-16F7-4668-BE54-9A1E7A4F7556}") = "OOPGiris", "OOPGiris\OOPGiris.csproj", "{AE044141-35E5-45EB-A046-0CB41B9B7CD3}"
EndProject
Project("{9A19103F-16F7-4668-BE54-9A1E7A4F7556}") = "OOPMid", "OOPMid\OOPMid.csproj", "{FBC731EE-4512-465B-8625-1B4E0AE7E2A7}"
EndProject
Project("{9A19103F-16F7-4668-BE54-9A1E7A4F7556}") = "SocialMedia", "SocialMedia\SocialMedia.csproj", "{C0868420-6A48-4A59-82EE-CB16D114980B}"
EndProject
Global
	GlobalSection(SolutionConfigurationPlatforms) = preSolution
		Debug|Any CPU = Debug|Any CPU
		Release|Any CPU = Release|Any CPU
	EndGlobalSection
	GlobalSection(ProjectConfigurationPlatforms) = postSolution
		{42ADCA3B-30EC-4C41-BC9E-1EE9DD61E344}.Debug|Any CPU.ActiveCfg = Debug|Any CPU
		{42ADCA3B-30EC-4C41-BC9E-1EE9DD61E344}.Debug|Any CPU.Build.0 = Debug|Any CPU
		{42ADCA3B-30EC-4C41-BC9E-1EE9DD61E344}.Release|Any CPU.ActiveCfg = Release|Any CPU
		{42ADCA3B-30EC-4C41-BC9E-1EE9DD61E344}.Release|Any CPU.Build.0 = Release|Any CPU
		{5565E1C4-EF60-4C96-AF0E-CB1D7B4383D5}.Debug|Any CPU.ActiveCfg = Debug|Any CPU
		{5565E1C4-EF60-4C96-AF0E-CB1D7B4383D5}.Debug|Any CPU.Build.0 = Debug|Any CPU
		{5565E1C4-EF60-4C96-AF0E-CB1D7B4383D5}.Release|Any CPU.ActiveCfg = Release|Any CPU
		{5565E1C4-EF60-4C96-AF0E-CB1D7B4383D5}.Release|Any CPU.Build.0 = Release|Any CPU
		{AE044141-35E5-45EB-A046-0CB41B9B7CD3}.Debug|Any CPU.ActiveCfg = Debug|Any CPU
		{AE044141-35E5-45EB-A046-0CB41B9B7CD3}.Debug|Any CPU.Build.0 = Debug|Any CPU
		{AE044141-35E5-45EB-A046-0CB41B9B7CD3}.Release|Any CPU.ActiveCfg = Release|Any CPU
		{AE044141-35E5-45EB-A046-0CB41B9B7CD3}.Release|Any CPU.Build.0 = Release|Any CPU
		{FBC731EE-4512-465B-8625-1B4E0AE7E2A7}.Debug|Any CPU.ActiveCfg = Debug|Any CPU
		{FBC731EE-4512-465B-8625-1B4E0AE7E2A7}.Debug|Any CPU.Build.0 = Debug|Any CPU
		{FBC731EE-4512-465B-8625-1B4E0AE7E2A7}.Release|Any CPU.ActiveCfg = Release|Any CPU
		{FBC731EE-4512-465B-8625-1B4E0AE7E2A7}.Release|Any CPU.Build.0 = Release|Any CPU
		{C0868420-6A48-4A59-82EE-CB16D114980B}.Debug|Any CPU.ActiveCfg = Debug|Any CPU
		{C0868420-6A48-4A59-82EE-CB16D114980B}.Debug|Any CPU.Build.0 = Debug|Any CPU
		{C0868420-6A48-4A59-82EE-CB16D114980B}.Release|Any CPU.ActiveCfg = Release|Any CPU
		{C0868420-6A48-4A59-82EE-CB16D114980B}.Release|Any CPU.Build.0 = Release|Any CPU
	EndGlobalSection
	GlobalSection(SolutionProperties) = preSolution
		HideSolutionNode = FALSE
	EndGlobalSection
	GlobalSection(ExtensibilityGlobals) = postSolution
		SolutionGuid = {26198BF6-566B-4476-BE82-965B44175FE7}
	EndGlobalSection
EndGlobal
